// !$*UTF8*$!
{
	archiveVersion = 1;
	classes = {
	};
	objectVersion = 50;
	objects = {

/* Begin PBXBuildFile section */
		F12BA89B211BF8E000CA5319 /* AppDelegate.m in Sources */ = {isa = PBXBuildFile; fileRef = F12BA89A211BF8E000CA5319 /* AppDelegate.m */; };
		F12BA89E211BF8E000CA5319 /* ViewController.m in Sources */ = {isa = PBXBuildFile; fileRef = F12BA89D211BF8E000CA5319 /* ViewController.m */; };
		F12BA8A1211BF8E000CA5319 /* Main.storyboard in Resources */ = {isa = PBXBuildFile; fileRef = F12BA89F211BF8E000CA5319 /* Main.storyboard */; };
		F12BA8A3211BF8E200CA5319 /* Assets.xcassets in Resources */ = {isa = PBXBuildFile; fileRef = F12BA8A2211BF8E200CA5319 /* Assets.xcassets */; };
		F12BA8A6211BF8E200CA5319 /* LaunchScreen.storyboard in Resources */ = {isa = PBXBuildFile; fileRef = F12BA8A4211BF8E200CA5319 /* LaunchScreen.storyboard */; };
		F12BA8A9211BF8E200CA5319 /* main.m in Sources */ = {isa = PBXBuildFile; fileRef = F12BA8A8211BF8E200CA5319 /* main.m */; };
		F12BA8B3211BF8E300CA5319 /* NavigationGameTests.m in Sources */ = {isa = PBXBuildFile; fileRef = F12BA8B2211BF8E300CA5319 /* NavigationGameTests.m */; };
		F12BA8CF211BFCC100CA5319 /* front_door.jpg in Resources */ = {isa = PBXBuildFile; fileRef = F12BA8C0211BFCC100CA5319 /* front_door.jpg */; };
		F12BA8D0211BFCC100CA5319 /* dining_room.jpg in Resources */ = {isa = PBXBuildFile; fileRef = F12BA8C1211BFCC100CA5319 /* dining_room.jpg */; };
		F12BA8D1211BFCC100CA5319 /* bedroom.jpg in Resources */ = {isa = PBXBuildFile; fileRef = F12BA8C2211BFCC100CA5319 /* bedroom.jpg */; };
		F12BA8D2211BFCC100CA5319 /* labratory.jpg in Resources */ = {isa = PBXBuildFile; fileRef = F12BA8C3211BFCC100CA5319 /* labratory.jpg */; };
		F12BA8D3211BFCC100CA5319 /* library.jpg in Resources */ = {isa = PBXBuildFile; fileRef = F12BA8C4211BFCC100CA5319 /* library.jpg */; };
		F12BA8D4211BFCC100CA5319 /* bathroom.jpg in Resources */ = {isa = PBXBuildFile; fileRef = F12BA8C5211BFCC100CA5319 /* bathroom.jpg */; };
		F12BA8D5211BFCC100CA5319 /* coat_room.jpg in Resources */ = {isa = PBXBuildFile; fileRef = F12BA8C6211BFCC100CA5319 /* coat_room.jpg */; };
		F12BA8D6211BFCC100CA5319 /* stairs_up.jpg in Resources */ = {isa = PBXBuildFile; fileRef = F12BA8C7211BFCC100CA5319 /* stairs_up.jpg */; };
		F12BA8D7211BFCC100CA5319 /* cursed_chalice.jpg in Resources */ = {isa = PBXBuildFile; fileRef = F12BA8C8211BFCC100CA5319 /* cursed_chalice.jpg */; };
		F12BA8D8211BFCC100CA5319 /* back_porch.jpg in Resources */ = {isa = PBXBuildFile; fileRef = F12BA8C9211BFCC100CA5319 /* back_porch.jpg */; };
		F12BA8D9211BFCC100CA5319 /* mysterious_lake.jpg in Resources */ = {isa = PBXBuildFile; fileRef = F12BA8CA211BFCC100CA5319 /* mysterious_lake.jpg */; };
		F12BA8DA211BFCC100CA5319 /* secret_passage.jpg in Resources */ = {isa = PBXBuildFile; fileRef = F12BA8CB211BFCC100CA5319 /* secret_passage.jpg */; };
		F12BA8DB211BFCC100CA5319 /* kitchen.jpg in Resources */ = {isa = PBXBuildFile; fileRef = F12BA8CC211BFCC100CA5319 /* kitchen.jpg */; };
		F12BA8DC211BFCC100CA5319 /* generator.jpg in Resources */ = {isa = PBXBuildFile; fileRef = F12BA8CD211BFCC100CA5319 /* generator.jpg */; };
		F12BA8DD211BFCC100CA5319 /* dungeon.jpg in Resources */ = {isa = PBXBuildFile; fileRef = F12BA8CE211BFCC100CA5319 /* dungeon.jpg */; };
/* End PBXBuildFile section */

/* Begin PBXContainerItemProxy section */
		F12BA8AF211BF8E300CA5319 /* PBXContainerItemProxy */ = {
			isa = PBXContainerItemProxy;
			containerPortal = F12BA88E211BF8E000CA5319 /* Project object */;
			proxyType = 1;
			remoteGlobalIDString = F12BA895211BF8E000CA5319;
			remoteInfo = NavigationGame;
		};
/* End PBXContainerItemProxy section */

/* Begin PBXFileReference section */
		F12BA896211BF8E000CA5319 /* NavigationGame.app */ = {isa = PBXFileReference; explicitFileType = wrapper.application; includeInIndex = 0; path = NavigationGame.app; sourceTree = BUILT_PRODUCTS_DIR; };
		F12BA899211BF8E000CA5319 /* AppDelegate.h */ = {isa = PBXFileReference; lastKnownFileType = sourcecode.c.h; path = AppDelegate.h; sourceTree = "<group>"; };
		F12BA89A211BF8E000CA5319 /* AppDelegate.m */ = {isa = PBXFileReference; lastKnownFileType = sourcecode.c.objc; path = AppDelegate.m; sourceTree = "<group>"; };
		F12BA89C211BF8E000CA5319 /* ViewController.h */ = {isa = PBXFileReference; lastKnownFileType = sourcecode.c.h; path = ViewController.h; sourceTree = "<group>"; };
		F12BA89D211BF8E000CA5319 /* ViewController.m */ = {isa = PBXFileReference; lastKnownFileType = sourcecode.c.objc; path = ViewController.m; sourceTree = "<group>"; };
		F12BA8A0211BF8E000CA5319 /* Base */ = {isa = PBXFileReference; lastKnownFileType = file.storyboard; name = Base; path = Base.lproj/Main.storyboard; sourceTree = "<group>"; };
		F12BA8A2211BF8E200CA5319 /* Assets.xcassets */ = {isa = PBXFileReference; lastKnownFileType = folder.assetcatalog; path = Assets.xcassets; sourceTree = "<group>"; };
		F12BA8A5211BF8E200CA5319 /* Base */ = {isa = PBXFileReference; lastKnownFileType = file.storyboard; name = Base; path = Base.lproj/LaunchScreen.storyboard; sourceTree = "<group>"; };
		F12BA8A7211BF8E200CA5319 /* Info.plist */ = {isa = PBXFileReference; lastKnownFileType = text.plist.xml; path = Info.plist; sourceTree = "<group>"; };
		F12BA8A8211BF8E200CA5319 /* main.m */ = {isa = PBXFileReference; lastKnownFileType = sourcecode.c.objc; path = main.m; sourceTree = "<group>"; };
		F12BA8AE211BF8E300CA5319 /* NavigationGameTests.xctest */ = {isa = PBXFileReference; explicitFileType = wrapper.cfbundle; includeInIndex = 0; path = NavigationGameTests.xctest; sourceTree = BUILT_PRODUCTS_DIR; };
		F12BA8B2211BF8E300CA5319 /* NavigationGameTests.m */ = {isa = PBXFileReference; lastKnownFileType = sourcecode.c.objc; path = NavigationGameTests.m; sourceTree = "<group>"; };
		F12BA8B4211BF8E300CA5319 /* Info.plist */ = {isa = PBXFileReference; lastKnownFileType = text.plist.xml; path = Info.plist; sourceTree = "<group>"; };
		F12BA8C0211BFCC100CA5319 /* front_door.jpg */ = {isa = PBXFileReference; lastKnownFileType = image.jpeg; path = front_door.jpg; sourceTree = "<group>"; };
		F12BA8C1211BFCC100CA5319 /* dining_room.jpg */ = {isa = PBXFileReference; lastKnownFileType = image.jpeg; path = dining_room.jpg; sourceTree = "<group>"; };
		F12BA8C2211BFCC100CA5319 /* bedroom.jpg */ = {isa = PBXFileReference; lastKnownFileType = image.jpeg; path = bedroom.jpg; sourceTree = "<group>"; };
		F12BA8C3211BFCC100CA5319 /* labratory.jpg */ = {isa = PBXFileReference; lastKnownFileType = image.jpeg; path = labratory.jpg; sourceTree = "<group>"; };
		F12BA8C4211BFCC100CA5319 /* library.jpg */ = {isa = PBXFileReference; lastKnownFileType = image.jpeg; path = library.jpg; sourceTree = "<group>"; };
		F12BA8C5211BFCC100CA5319 /* bathroom.jpg */ = {isa = PBXFileReference; lastKnownFileType = image.jpeg; path = bathroom.jpg; sourceTree = "<group>"; };
		F12BA8C6211BFCC100CA5319 /* coat_room.jpg */ = {isa = PBXFileReference; lastKnownFileType = image.jpeg; path = coat_room.jpg; sourceTree = "<group>"; };
		F12BA8C7211BFCC100CA5319 /* stairs_up.jpg */ = {isa = PBXFileReference; lastKnownFileType = image.jpeg; path = stairs_up.jpg; sourceTree = "<group>"; };
		F12BA8C8211BFCC100CA5319 /* cursed_chalice.jpg */ = {isa = PBXFileReference; lastKnownFileType = image.jpeg; path = cursed_chalice.jpg; sourceTree = "<group>"; };
		F12BA8C9211BFCC100CA5319 /* back_porch.jpg */ = {isa = PBXFileReference; lastKnownFileType = image.jpeg; path = back_porch.jpg; sourceTree = "<group>"; };
		F12BA8CA211BFCC100CA5319 /* mysterious_lake.jpg */ = {isa = PBXFileReference; lastKnownFileType = image.jpeg; path = mysterious_lake.jpg; sourceTree = "<group>"; };
		F12BA8CB211BFCC100CA5319 /* secret_passage.jpg */ = {isa = PBXFileReference; lastKnownFileType = image.jpeg; path = secret_passage.jpg; sourceTree = "<group>"; };
		F12BA8CC211BFCC100CA5319 /* kitchen.jpg */ = {isa = PBXFileReference; lastKnownFileType = image.jpeg; path = kitchen.jpg; sourceTree = "<group>"; };
		F12BA8CD211BFCC100CA5319 /* generator.jpg */ = {isa = PBXFileReference; lastKnownFileType = image.jpeg; path = generator.jpg; sourceTree = "<group>"; };
		F12BA8CE211BFCC100CA5319 /* dungeon.jpg */ = {isa = PBXFileReference; lastKnownFileType = image.jpeg; path = dungeon.jpg; sourceTree = "<group>"; };
/* End PBXFileReference section */

/* Begin PBXFrameworksBuildPhase section */
		F12BA893211BF8E000CA5319 /* Frameworks */ = {
			isa = PBXFrameworksBuildPhase;
			buildActionMask = 2147483647;
			files = (
			);
			runOnlyForDeploymentPostprocessing = 0;
		};
		F12BA8AB211BF8E300CA5319 /* Frameworks */ = {
			isa = PBXFrameworksBuildPhase;
			buildActionMask = 2147483647;
			files = (
			);
			runOnlyForDeploymentPostprocessing = 0;
		};
/* End PBXFrameworksBuildPhase section */

/* Begin PBXGroup section */
		F12BA88D211BF8E000CA5319 = {
			isa = PBXGroup;
			children = (
				F12BA898211BF8E000CA5319 /* NavigationGame */,
				F12BA8B1211BF8E300CA5319 /* NavigationGameTests */,
				F12BA897211BF8E000CA5319 /* Products */,
			);
			sourceTree = "<group>";
		};
		F12BA897211BF8E000CA5319 /* Products */ = {
			isa = PBXGroup;
			children = (
				F12BA896211BF8E000CA5319 /* NavigationGame.app */,
				F12BA8AE211BF8E300CA5319 /* NavigationGameTests.xctest */,
			);
			name = Products;
			sourceTree = "<group>";
		};
		F12BA898211BF8E000CA5319 /* NavigationGame */ = {
			isa = PBXGroup;
			children = (
				F12BA899211BF8E000CA5319 /* AppDelegate.h */,
				F12BA89A211BF8E000CA5319 /* AppDelegate.m */,
				F12BA89C211BF8E000CA5319 /* ViewController.h */,
				F12BA89D211BF8E000CA5319 /* ViewController.m */,
				F12BA89F211BF8E000CA5319 /* Main.storyboard */,
				F12BA8A2211BF8E200CA5319 /* Assets.xcassets */,
				F12BA8A4211BF8E200CA5319 /* LaunchScreen.storyboard */,
				F12BA8BF211BFCC100CA5319 /* images */,
				F12BA8A7211BF8E200CA5319 /* Info.plist */,
				F12BA8A8211BF8E200CA5319 /* main.m */,
			);
			path = NavigationGame;
			sourceTree = "<group>";
		};
		F12BA8B1211BF8E300CA5319 /* NavigationGameTests */ = {
			isa = PBXGroup;
			children = (
				F12BA8B2211BF8E300CA5319 /* NavigationGameTests.m */,
				F12BA8B4211BF8E300CA5319 /* Info.plist */,
			);
			path = NavigationGameTests;
			sourceTree = "<group>";
		};
		F12BA8BF211BFCC100CA5319 /* images */ = {
			isa = PBXGroup;
			children = (
				F12BA8C0211BFCC100CA5319 /* front_door.jpg */,
				F12BA8C1211BFCC100CA5319 /* dining_room.jpg */,
				F12BA8C2211BFCC100CA5319 /* bedroom.jpg */,
				F12BA8C3211BFCC100CA5319 /* labratory.jpg */,
				F12BA8C4211BFCC100CA5319 /* library.jpg */,
				F12BA8C5211BFCC100CA5319 /* bathroom.jpg */,
				F12BA8C6211BFCC100CA5319 /* coat_room.jpg */,
				F12BA8C7211BFCC100CA5319 /* stairs_up.jpg */,
				F12BA8C8211BFCC100CA5319 /* cursed_chalice.jpg */,
				F12BA8C9211BFCC100CA5319 /* back_porch.jpg */,
				F12BA8CA211BFCC100CA5319 /* mysterious_lake.jpg */,
				F12BA8CB211BFCC100CA5319 /* secret_passage.jpg */,
				F12BA8CC211BFCC100CA5319 /* kitchen.jpg */,
				F12BA8CD211BFCC100CA5319 /* generator.jpg */,
				F12BA8CE211BFCC100CA5319 /* dungeon.jpg */,
			);
			path = images;
			sourceTree = SOURCE_ROOT;
		};
/* End PBXGroup section */

/* Begin PBXNativeTarget section */
		F12BA895211BF8E000CA5319 /* NavigationGame */ = {
			isa = PBXNativeTarget;
			buildConfigurationList = F12BA8B7211BF8E300CA5319 /* Build configuration list for PBXNativeTarget "NavigationGame" */;
			buildPhases = (
				F12BA892211BF8E000CA5319 /* Sources */,
				F12BA893211BF8E000CA5319 /* Frameworks */,
				F12BA894211BF8E000CA5319 /* Resources */,
			);
			buildRules = (
			);
			dependencies = (
			);
			name = NavigationGame;
			productName = NavigationGame;
			productReference = F12BA896211BF8E000CA5319 /* NavigationGame.app */;
			productType = "com.apple.product-type.application";
		};
		F12BA8AD211BF8E300CA5319 /* NavigationGameTests */ = {
			isa = PBXNativeTarget;
			buildConfigurationList = F12BA8BA211BF8E300CA5319 /* Build configuration list for PBXNativeTarget "NavigationGameTests" */;
			buildPhases = (
				F12BA8AA211BF8E300CA5319 /* Sources */,
				F12BA8AB211BF8E300CA5319 /* Frameworks */,
				F12BA8AC211BF8E300CA5319 /* Resources */,
			);
			buildRules = (
			);
			dependencies = (
				F12BA8B0211BF8E300CA5319 /* PBXTargetDependency */,
			);
			name = NavigationGameTests;
			productName = NavigationGameTests;
			productReference = F12BA8AE211BF8E300CA5319 /* NavigationGameTests.xctest */;
			productType = "com.apple.product-type.bundle.unit-test";
		};
/* End PBXNativeTarget section */

/* Begin PBXProject section */
		F12BA88E211BF8E000CA5319 /* Project object */ = {
			isa = PBXProject;
			attributes = {
				LastUpgradeCheck = 0940;
				ORGANIZATIONNAME = "Nathan Wainwright";
				TargetAttributes = {
					F12BA895211BF8E000CA5319 = {
						CreatedOnToolsVersion = 9.4.1;
					};
					F12BA8AD211BF8E300CA5319 = {
						CreatedOnToolsVersion = 9.4.1;
						TestTargetID = F12BA895211BF8E000CA5319;
					};
				};
			};
			buildConfigurationList = F12BA891211BF8E000CA5319 /* Build configuration list for PBXProject "NavigationGame" */;
			compatibilityVersion = "Xcode 9.3";
			developmentRegion = en;
			hasScannedForEncodings = 0;
			knownRegions = (
				en,
				Base,
			);
			mainGroup = F12BA88D211BF8E000CA5319;
			productRefGroup = F12BA897211BF8E000CA5319 /* Products */;
			projectDirPath = "";
			projectRoot = "";
			targets = (
				F12BA895211BF8E000CA5319 /* NavigationGame */,
				F12BA8AD211BF8E300CA5319 /* NavigationGameTests */,
			);
		};
/* End PBXProject section */

/* Begin PBXResourcesBuildPhase section */
		F12BA894211BF8E000CA5319 /* Resources */ = {
			isa = PBXResourcesBuildPhase;
			buildActionMask = 2147483647;
			files = (
				F12BA8D9211BFCC100CA5319 /* mysterious_lake.jpg in Resources */,
				F12BA8D0211BFCC100CA5319 /* dining_room.jpg in Resources */,
				F12BA8A6211BF8E200CA5319 /* LaunchScreen.storyboard in Resources */,
				F12BA8D7211BFCC100CA5319 /* cursed_chalice.jpg in Resources */,
				F12BA8DB211BFCC100CA5319 /* kitchen.jpg in Resources */,
				F12BA8D5211BFCC100CA5319 /* coat_room.jpg in Resources */,
				F12BA8A3211BF8E200CA5319 /* Assets.xcassets in Resources */,
				F12BA8D2211BFCC100CA5319 /* labratory.jpg in Resources */,
				F12BA8D8211BFCC100CA5319 /* back_porch.jpg in Resources */,
				F12BA8D6211BFCC100CA5319 /* stairs_up.jpg in Resources */,
				F12BA8DC211BFCC100CA5319 /* generator.jpg in Resources */,
				F12BA8DA211BFCC100CA5319 /* secret_passage.jpg in Resources */,
				F12BA8DD211BFCC100CA5319 /* dungeon.jpg in Resources */,
				F12BA8D1211BFCC100CA5319 /* bedroom.jpg in Resources */,
				F12BA8A1211BF8E000CA5319 /* Main.storyboard in Resources */,
				F12BA8D3211BFCC100CA5319 /* library.jpg in Resources */,
				F12BA8CF211BFCC100CA5319 /* front_door.jpg in Resources */,
				F12BA8D4211BFCC100CA5319 /* bathroom.jpg in Resources */,
			);
			runOnlyForDeploymentPostprocessing = 0;
		};
		F12BA8AC211BF8E300CA5319 /* Resources */ = {
			isa = PBXResourcesBuildPhase;
			buildActionMask = 2147483647;
			files = (
			);
			runOnlyForDeploymentPostprocessing = 0;
		};
/* End PBXResourcesBuildPhase section */

/* Begin PBXSourcesBuildPhase section */
		F12BA892211BF8E000CA5319 /* Sources */ = {
			isa = PBXSourcesBuildPhase;
			buildActionMask = 2147483647;
			files = (
				F12BA89E211BF8E000CA5319 /* ViewController.m in Sources */,
				F12BA8A9211BF8E200CA5319 /* main.m in Sources */,
				F12BA89B211BF8E000CA5319 /* AppDelegate.m in Sources */,
			);
			runOnlyForDeploymentPostprocessing = 0;
		};
		F12BA8AA211BF8E300CA5319 /* Sources */ = {
			isa = PBXSourcesBuildPhase;
			buildActionMask = 2147483647;
			files = (
				F12BA8B3211BF8E300CA5319 /* NavigationGameTests.m in Sources */,
			);
			runOnlyForDeploymentPostprocessing = 0;
		};
/* End PBXSourcesBuildPhase section */

/* Begin PBXTargetDependency section */
		F12BA8B0211BF8E300CA5319 /* PBXTargetDependency */ = {
			isa = PBXTargetDependency;
			target = F12BA895211BF8E000CA5319 /* NavigationGame */;
			targetProxy = F12BA8AF211BF8E300CA5319 /* PBXContainerItemProxy */;
		};
/* End PBXTargetDependency section */

/* Begin PBXVariantGroup section */
		F12BA89F211BF8E000CA5319 /* Main.storyboard */ = {
			isa = PBXVariantGroup;
			children = (
				F12BA8A0211BF8E000CA5319 /* Base */,
			);
			name = Main.storyboard;
			sourceTree = "<group>";
		};
		F12BA8A4211BF8E200CA5319 /* LaunchScreen.storyboard */ = {
			isa = PBXVariantGroup;
			children = (
				F12BA8A5211BF8E200CA5319 /* Base */,
			);
			name = LaunchScreen.storyboard;
			sourceTree = "<group>";
		};
/* End PBXVariantGroup section */

/* Begin XCBuildConfiguration section */
		F12BA8B5211BF8E300CA5319 /* Debug */ = {
			isa = XCBuildConfiguration;
			buildSettings = {
				ALWAYS_SEARCH_USER_PATHS = NO;
				CLANG_ANALYZER_NONNULL = YES;
				CLANG_ANALYZER_NUMBER_OBJECT_CONVERSION = YES_AGGRESSIVE;
				CLANG_CXX_LANGUAGE_STANDARD = "gnu++14";
				CLANG_CXX_LIBRARY = "libc++";
				CLANG_ENABLE_MODULES = YES;
				CLANG_ENABLE_OBJC_ARC = YES;
				CLANG_ENABLE_OBJC_WEAK = YES;
				CLANG_WARN_BLOCK_CAPTURE_AUTORELEASING = YES;
				CLANG_WARN_BOOL_CONVERSION = YES;
				CLANG_WARN_COMMA = YES;
				CLANG_WARN_CONSTANT_CONVERSION = YES;
				CLANG_WARN_DEPRECATED_OBJC_IMPLEMENTATIONS = YES;
				CLANG_WARN_DIRECT_OBJC_ISA_USAGE = YES_ERROR;
				CLANG_WARN_DOCUMENTATION_COMMENTS = YES;
				CLANG_WARN_EMPTY_BODY = YES;
				CLANG_WARN_ENUM_CONVERSION = YES;
				CLANG_WARN_INFINITE_RECURSION = YES;
				CLANG_WARN_INT_CONVERSION = YES;
				CLANG_WARN_NON_LITERAL_NULL_CONVERSION = YES;
				CLANG_WARN_OBJC_IMPLICIT_RETAIN_SELF = YES;
				CLANG_WARN_OBJC_LITERAL_CONVERSION = YES;
				CLANG_WARN_OBJC_ROOT_CLASS = YES_ERROR;
				CLANG_WARN_RANGE_LOOP_ANALYSIS = YES;
				CLANG_WARN_STRICT_PROTOTYPES = YES;
				CLANG_WARN_SUSPICIOUS_MOVE = YES;
				CLANG_WARN_UNGUARDED_AVAILABILITY = YES_AGGRESSIVE;
				CLANG_WARN_UNREACHABLE_CODE = YES;
				CLANG_WARN__DUPLICATE_METHOD_MATCH = YES;
				CODE_SIGN_IDENTITY = "iPhone Developer";
				COPY_PHASE_STRIP = NO;
				DEBUG_INFORMATION_FORMAT = dwarf;
				ENABLE_STRICT_OBJC_MSGSEND = YES;
				ENABLE_TESTABILITY = YES;
				GCC_C_LANGUAGE_STANDARD = gnu11;
				GCC_DYNAMIC_NO_PIC = NO;
				GCC_NO_COMMON_BLOCKS = YES;
				GCC_OPTIMIZATION_LEVEL = 0;
				GCC_PREPROCESSOR_DEFINITIONS = (
					"DEBUG=1",
					"$(inherited)",
				);
				GCC_WARN_64_TO_32_BIT_CONVERSION = YES;
				GCC_WARN_ABOUT_RETURN_TYPE = YES_ERROR;
				GCC_WARN_UNDECLARED_SELECTOR = YES;
				GCC_WARN_UNINITIALIZED_AUTOS = YES_AGGRESSIVE;
				GCC_WARN_UNUSED_FUNCTION = YES;
				GCC_WARN_UNUSED_VARIABLE = YES;
				IPHONEOS_DEPLOYMENT_TARGET = 11.4;
				MTL_ENABLE_DEBUG_INFO = YES;
				ONLY_ACTIVE_ARCH = YES;
				SDKROOT = iphoneos;
			};
			name = Debug;
		};
		F12BA8B6211BF8E300CA5319 /* Release */ = {
			isa = XCBuildConfiguration;
			buildSettings = {
				ALWAYS_SEARCH_USER_PATHS = NO;
				CLANG_ANALYZER_NONNULL = YES;
				CLANG_ANALYZER_NUMBER_OBJECT_CONVERSION = YES_AGGRESSIVE;
				CLANG_CXX_LANGUAGE_STANDARD = "gnu++14";
				CLANG_CXX_LIBRARY = "libc++";
				CLANG_ENABLE_MODULES = YES;
				CLANG_ENABLE_OBJC_ARC = YES;
				CLANG_ENABLE_OBJC_WEAK = YES;
				CLANG_WARN_BLOCK_CAPTURE_AUTORELEASING = YES;
				CLANG_WARN_BOOL_CONVERSION = YES;
				CLANG_WARN_COMMA = YES;
				CLANG_WARN_CONSTANT_CONVERSION = YES;
				CLANG_WARN_DEPRECATED_OBJC_IMPLEMENTATIONS = YES;
				CLANG_WARN_DIRECT_OBJC_ISA_USAGE = YES_ERROR;
				CLANG_WARN_DOCUMENTATION_COMMENTS = YES;
				CLANG_WARN_EMPTY_BODY = YES;
				CLANG_WARN_ENUM_CONVERSION = YES;
				CLANG_WARN_INFINITE_RECURSION = YES;
				CLANG_WARN_INT_CONVERSION = YES;
				CLANG_WARN_NON_LITERAL_NULL_CONVERSION = YES;
				CLANG_WARN_OBJC_IMPLICIT_RETAIN_SELF = YES;
				CLANG_WARN_OBJC_LITERAL_CONVERSION = YES;
				CLANG_WARN_OBJC_ROOT_CLASS = YES_ERROR;
				CLANG_WARN_RANGE_LOOP_ANALYSIS = YES;
				CLANG_WARN_STRICT_PROTOTYPES = YES;
				CLANG_WARN_SUSPICIOUS_MOVE = YES;
				CLANG_WARN_UNGUARDED_AVAILABILITY = YES_AGGRESSIVE;
				CLANG_WARN_UNREACHABLE_CODE = YES;
				CLANG_WARN__DUPLICATE_METHOD_MATCH = YES;
				CODE_SIGN_IDENTITY = "iPhone Developer";
				COPY_PHASE_STRIP = NO;
				DEBUG_INFORMATION_FORMAT = "dwarf-with-dsym";
				ENABLE_NS_ASSERTIONS = NO;
				ENABLE_STRICT_OBJC_MSGSEND = YES;
				GCC_C_LANGUAGE_STANDARD = gnu11;
				GCC_NO_COMMON_BLOCKS = YES;
				GCC_WARN_64_TO_32_BIT_CONVERSION = YES;
				GCC_WARN_ABOUT_RETURN_TYPE = YES_ERROR;
				GCC_WARN_UNDECLARED_SELECTOR = YES;
				GCC_WARN_UNINITIALIZED_AUTOS = YES_AGGRESSIVE;
				GCC_WARN_UNUSED_FUNCTION = YES;
				GCC_WARN_UNUSED_VARIABLE = YES;
				IPHONEOS_DEPLOYMENT_TARGET = 11.4;
				MTL_ENABLE_DEBUG_INFO = NO;
				SDKROOT = iphoneos;
				VALIDATE_PRODUCT = YES;
			};
			name = Release;
		};
		F12BA8B8211BF8E300CA5319 /* Debug */ = {
			isa = XCBuildConfiguration;
			buildSettings = {
				ASSETCATALOG_COMPILER_APPICON_NAME = AppIcon;
				CODE_SIGN_STYLE = Automatic;
				INFOPLIST_FILE = NavigationGame/Info.plist;
				LD_RUNPATH_SEARCH_PATHS = (
					"$(inherited)",
					"@executable_path/Frameworks",
				);
				PRODUCT_BUNDLE_IDENTIFIER = ca.nathanwainwright.NavigationGame;
				PRODUCT_NAME = "$(TARGET_NAME)";
				TARGETED_DEVICE_FAMILY = "1,2";
			};
			name = Debug;
		};
		F12BA8B9211BF8E300CA5319 /* Release */ = {
			isa = XCBuildConfiguration;
			buildSettings = {
				ASSETCATALOG_COMPILER_APPICON_NAME = AppIcon;
				CODE_SIGN_STYLE = Automatic;
				INFOPLIST_FILE = NavigationGame/Info.plist;
				LD_RUNPATH_SEARCH_PATHS = (
					"$(inherited)",
					"@executable_path/Frameworks",
				);
				PRODUCT_BUNDLE_IDENTIFIER = ca.nathanwainwright.NavigationGame;
				PRODUCT_NAME = "$(TARGET_NAME)";
				TARGETED_DEVICE_FAMILY = "1,2";
			};
			name = Release;
		};
		F12BA8BB211BF8E300CA5319 /* Debug */ = {
			isa = XCBuildConfiguration;
			buildSettings = {
				BUNDLE_LOADER = "$(TEST_HOST)";
				CODE_SIGN_STYLE = Automatic;
				INFOPLIST_FILE = NavigationGameTests/Info.plist;
				LD_RUNPATH_SEARCH_PATHS = (
					"$(inherited)",
					"@executable_path/Frameworks",
					"@loader_path/Frameworks",
				);
				PRODUCT_BUNDLE_IDENTIFIER = ca.nathanwainwright.NavigationGameTests;
				PRODUCT_NAME = "$(TARGET_NAME)";
				TARGETED_DEVICE_FAMILY = "1,2";
				TEST_HOST = "$(BUILT_PRODUCTS_DIR)/NavigationGame.app/NavigationGame";
			};
			name = Debug;
		};
		F12BA8BC211BF8E300CA5319 /* Release */ = {
			isa = XCBuildConfiguration;
			buildSettings = {
				BUNDLE_LOADER = "$(TEST_HOST)";
				CODE_SIGN_STYLE = Automatic;
				INFOPLIST_FILE = NavigationGameTests/Info.plist;
				LD_RUNPATH_SEARCH_PATHS = (
					"$(inherited)",
					"@executable_path/Frameworks",
					"@loader_path/Frameworks",
				);
				PRODUCT_BUNDLE_IDENTIFIER = ca.nathanwainwright.NavigationGameTests;
				PRODUCT_NAME = "$(TARGET_NAME)";
				TARGETED_DEVICE_FAMILY = "1,2";
				TEST_HOST = "$(BUILT_PRODUCTS_DIR)/NavigationGame.app/NavigationGame";
			};
			name = Release;
		};
/* End XCBuildConfiguration section */

/* Begin XCConfigurationList section */
		F12BA891211BF8E000CA5319 /* Build configuration list for PBXProject "NavigationGame" */ = {
			isa = XCConfigurationList;
			buildConfigurations = (
				F12BA8B5211BF8E300CA5319 /* Debug */,
				F12BA8B6211BF8E300CA5319 /* Release */,
			);
			defaultConfigurationIsVisible = 0;
			defaultConfigurationName = Release;
		};
		F12BA8B7211BF8E300CA5319 /* Build configuration list for PBXNativeTarget "NavigationGame" */ = {
			isa = XCConfigurationList;
			buildConfigurations = (
				F12BA8B8211BF8E300CA5319 /* Debug */,
				F12BA8B9211BF8E300CA5319 /* Release */,
			);
			defaultConfigurationIsVisible = 0;
			defaultConfigurationName = Release;
		};
		F12BA8BA211BF8E300CA5319 /* Build configuration list for PBXNativeTarget "NavigationGameTests" */ = {
			isa = XCConfigurationList;
			buildConfigurations = (
				F12BA8BB211BF8E300CA5319 /* Debug */,
				F12BA8BC211BF8E300CA5319 /* Release */,
			);
			defaultConfigurationIsVisible = 0;
			defaultConfigurationName = Release;
		};
/* End XCConfigurationList section */
	};
	rootObject = F12BA88E211BF8E000CA5319 /* Project object */;
}
